
Microsoft Visual Studio Solution File, Format Version 12.00
Project("{FAE04EC0-301F-11D3-BF4B-00C04F79EFBC}") = "Models", "Models\Models.csproj", "{56E95C2A-1068-42FD-A62E-95E9B70DA100}"
EndProject
Project("{FAE04EC0-301F-11D3-BF4B-00C04F79EFBC}") = "Server", "Server\Server.csproj", "{9C222C6C-21FF-4DC4-B09C-92A2C96DDB42}"
EndProject
Project("{FAE04EC0-301F-11D3-BF4B-00C04F79EFBC}") = "Contracts", "Contracts\Contracts.csproj", "{C4BDD925-65C6-4683-A2E8-913FA377C989}"
EndProject
Project("{FAE04EC0-301F-11D3-BF4B-00C04F79EFBC}") = "Shared", "C:\Users\diana\RiderProjects\Seljmov.Blazor.Identity\Shared\Shared.csproj", "{6017D3AF-24B2-42E3-9B66-82802E90AE38}"
EndProject
Project("{FAE04EC0-301F-11D3-BF4B-00C04F79EFBC}") = "Seljmov.AspNet.Commons", "..\..\..\Github\seljmov-aspnet-common\src\Seljmov.AspNet.Commons\Seljmov.AspNet.Commons.csproj", "{D4E651DF-3F60-464D-991E-B3D5DB9BD08E}"
EndProject
Project("{FAE04EC0-301F-11D3-BF4B-00C04F79EFBC}") = "Client", "Client\Client.csproj", "{8BC01ACD-B9FD-487A-A75C-A943AC26A16D}"
EndProject
Global
	GlobalSection(SolutionConfigurationPlatforms) = preSolution
		Debug|Any CPU = Debug|Any CPU
		Release|Any CPU = Release|Any CPU
	EndGlobalSection
	GlobalSection(ProjectConfigurationPlatforms) = postSolution
		{56E95C2A-1068-42FD-A62E-95E9B70DA100}.Debug|Any CPU.ActiveCfg = Debug|Any CPU
		{56E95C2A-1068-42FD-A62E-95E9B70DA100}.Debug|Any CPU.Build.0 = Debug|Any CPU
		{56E95C2A-1068-42FD-A62E-95E9B70DA100}.Release|Any CPU.ActiveCfg = Release|Any CPU
		{56E95C2A-1068-42FD-A62E-95E9B70DA100}.Release|Any CPU.Build.0 = Release|Any CPU
		{9C222C6C-21FF-4DC4-B09C-92A2C96DDB42}.Debug|Any CPU.ActiveCfg = Debug|Any CPU
		{9C222C6C-21FF-4DC4-B09C-92A2C96DDB42}.Debug|Any CPU.Build.0 = Debug|Any CPU
		{9C222C6C-21FF-4DC4-B09C-92A2C96DDB42}.Release|Any CPU.ActiveCfg = Release|Any CPU
		{9C222C6C-21FF-4DC4-B09C-92A2C96DDB42}.Release|Any CPU.Build.0 = Release|Any CPU
		{C4BDD925-65C6-4683-A2E8-913FA377C989}.Debug|Any CPU.ActiveCfg = Debug|Any CPU
		{C4BDD925-65C6-4683-A2E8-913FA377C989}.Debug|Any CPU.Build.0 = Debug|Any CPU
		{C4BDD925-65C6-4683-A2E8-913FA377C989}.Release|Any CPU.ActiveCfg = Release|Any CPU
		{C4BDD925-65C6-4683-A2E8-913FA377C989}.Release|Any CPU.Build.0 = Release|Any CPU
		{6017D3AF-24B2-42E3-9B66-82802E90AE38}.Debug|Any CPU.ActiveCfg = Debug|Any CPU
		{6017D3AF-24B2-42E3-9B66-82802E90AE38}.Debug|Any CPU.Build.0 = Debug|Any CPU
		{6017D3AF-24B2-42E3-9B66-82802E90AE38}.Release|Any CPU.ActiveCfg = Release|Any CPU
		{6017D3AF-24B2-42E3-9B66-82802E90AE38}.Release|Any CPU.Build.0 = Release|Any CPU
		{D4E651DF-3F60-464D-991E-B3D5DB9BD08E}.Debug|Any CPU.ActiveCfg = Debug|Any CPU
		{D4E651DF-3F60-464D-991E-B3D5DB9BD08E}.Debug|Any CPU.Build.0 = Debug|Any CPU
		{D4E651DF-3F60-464D-991E-B3D5DB9BD08E}.Release|Any CPU.ActiveCfg = Release|Any CPU
		{D4E651DF-3F60-464D-991E-B3D5DB9BD08E}.Release|Any CPU.Build.0 = Release|Any CPU
		{8BC01ACD-B9FD-487A-A75C-A943AC26A16D}.Debug|Any CPU.ActiveCfg = Debug|Any CPU
		{8BC01ACD-B9FD-487A-A75C-A943AC26A16D}.Debug|Any CPU.Build.0 = Debug|Any CPU
		{8BC01ACD-B9FD-487A-A75C-A943AC26A16D}.Release|Any CPU.ActiveCfg = Release|Any CPU
		{8BC01ACD-B9FD-487A-A75C-A943AC26A16D}.Release|Any CPU.Build.0 = Release|Any CPU
	EndGlobalSection
EndGlobal
